
Microsoft Visual Studio Solution File, Format Version 12.00
# Visual Studio 15
Project("{FAE04EC0-301F-11D3-BF4B-00C04F79EFBC}") = "UnityEngine.TestRunner", "UnityEngine.TestRunner.csproj", "{F3573E19-ED1D-46EE-0175-AB6AFB5A2F31}"
EndProject
Project("{FAE04EC0-301F-11D3-BF4B-00C04F79EFBC}") = "UnityEngine.UI", "UnityEngine.UI.csproj", "{8E3C4A5B-1AFD-CB92-1A1C-5BFF341E704A}"
EndProject
Project("{FAE04EC0-301F-11D3-BF4B-00C04F79EFBC}") = "Unity.VisualScripting.Flow", "Unity.VisualScripting.Flow.csproj", "{FDA9F847-4A70-8E80-79C6-5DCEFF895231}"
EndProject
Project("{FAE04EC0-301F-11D3-BF4B-00C04F79EFBC}") = "Unity.Services.Core.Telemetry", "Unity.Services.Core.Telemetry.csproj", "{AB93A800-DFBB-FB06-7F78-5BD2177679C7}"
EndProject
Project("{FAE04EC0-301F-11D3-BF4B-00C04F79EFBC}") = "Unity.InputSystem", "Unity.InputSystem.csproj", "{DBBEAFCA-8D54-B1EC-EC13-B006E676AB8A}"
EndProject
Project("{FAE04EC0-301F-11D3-BF4B-00C04F79EFBC}") = "Unity.VisualScripting.State", "Unity.VisualScripting.State.csproj", "{6D7C8724-BAB7-95B6-9F31-433CCBD783F8}"
EndProject
Project("{FAE04EC0-301F-11D3-BF4B-00C04F79EFBC}") = "Unity.VisualScripting.Core", "Unity.VisualScripting.Core.csproj", "{AC23077B-A74E-DF0F-2295-202698DF21B9}"
EndProject
Project("{FAE04EC0-301F-11D3-BF4B-00C04F79EFBC}") = "Unity.Services.Core.Environments.Internal", "Unity.Services.Core.Environments.Internal.csproj", "{6623B7B5-E447-2CB9-B6ED-81ABB7940D3C}"
EndProject
Project("{FAE04EC0-301F-11D3-BF4B-00C04F79EFBC}") = "Unity.TextMeshPro", "Unity.TextMeshPro.csproj", "{93D8C082-4D75-CB63-92AF-308BB32BC945}"
EndProject
Project("{FAE04EC0-301F-11D3-BF4B-00C04F79EFBC}") = "Cinemachine", "Cinemachine.csproj", "{9818941C-2045-1153-F47B-FD446C0CB221}"
EndProject
Project("{FAE04EC0-301F-11D3-BF4B-00C04F79EFBC}") = "Unity.Timeline", "Unity.Timeline.csproj", "{C339C487-96DE-9EE1-DE82-0B7D6B6D5DE6}"
EndProject
Project("{FAE04EC0-301F-11D3-BF4B-00C04F79EFBC}") = "Unity.Services.Core", "Unity.Services.Core.csproj", "{0E06C3D7-815E-AE6C-E181-D8CBA7120B97}"
EndProject
Project("{FAE04EC0-301F-11D3-BF4B-00C04F79EFBC}") = "Unity.Services.Core.Environments", "Unity.Services.Core.Environments.csproj", "{B3EA37B9-E376-0F19-B6DE-1528FDBAB0B3}"
EndProject
Project("{FAE04EC0-301F-11D3-BF4B-00C04F79EFBC}") = "Unity.Services.Core.Internal", "Unity.Services.Core.Internal.csproj", "{54794D75-0D4F-E790-BBD2-D0A57B7EC4AA}"
EndProject
Project("{FAE04EC0-301F-11D3-BF4B-00C04F79EFBC}") = "Unity.Services.Core.Analytics", "Unity.Services.Core.Analytics.csproj", "{63B6A0EE-7F23-ADEA-C935-D5AE0CADA06D}"
EndProject
Project("{FAE04EC0-301F-11D3-BF4B-00C04F79EFBC}") = "Assembly-CSharp", "Assembly-CSharp.csproj", "{E3323B11-9C64-461C-023D-0288D6DFCF1C}"
EndProject
Project("{FAE04EC0-301F-11D3-BF4B-00C04F79EFBC}") = "Unity.Services.Core.Scheduler", "Unity.Services.Core.Scheduler.csproj", "{CE7BB4D1-F5BF-FF85-BAC9-A6DC4B16479E}"
EndProject
Project("{FAE04EC0-301F-11D3-BF4B-00C04F79EFBC}") = "Unity.Services.Core.Registration", "Unity.Services.Core.Registration.csproj", "{1CB9F64F-3252-C2CB-8D9D-C81A8FEC45FE}"
EndProject
Project("{FAE04EC0-301F-11D3-BF4B-00C04F79EFBC}") = "Unity.Services.Core.Device", "Unity.Services.Core.Device.csproj", "{D9B4E007-EDCC-71F7-43D9-326A21CC69D1}"
EndProject
Project("{FAE04EC0-301F-11D3-BF4B-00C04F79EFBC}") = "Unity.Services.Core.Threading", "Unity.Services.Core.Threading.csproj", "{15C63D50-25DC-D03C-BCB2-F6B65ACE835F}"
EndProject
Project("{FAE04EC0-301F-11D3-BF4B-00C04F79EFBC}") = "Unity.Services.Core.Networking", "Unity.Services.Core.Networking.csproj", "{A1BA95DA-98AC-9AB4-55A6-C9413F03692B}"
EndProject
Project("{FAE04EC0-301F-11D3-BF4B-00C04F79EFBC}") = "Unity.Services.Core.Configuration", "Unity.Services.Core.Configuration.csproj", "{0E464C35-2B70-51C1-4732-685F6D208270}"
EndProject
Project("{FAE04EC0-301F-11D3-BF4B-00C04F79EFBC}") = "Unity.PlasticSCM.Editor", "Unity.PlasticSCM.Editor.csproj", "{FF632DB8-309E-4B45-ED8C-6AF69BCB915B}"
EndProject
Project("{FAE04EC0-301F-11D3-BF4B-00C04F79EFBC}") = "Unity.VisualScripting.Core.Editor", "Unity.VisualScripting.Core.Editor.csproj", "{7CC025AB-F51F-ACEE-07A7-016E3FAA03AB}"
EndProject
Project("{FAE04EC0-301F-11D3-BF4B-00C04F79EFBC}") = "Unity.VisualScripting.Flow.Editor", "Unity.VisualScripting.Flow.Editor.csproj", "{D10A6FE3-C06C-EFCC-B842-09E1C42F2F89}"
EndProject
Project("{FAE04EC0-301F-11D3-BF4B-00C04F79EFBC}") = "Unity.VisualStudio.Editor", "Unity.VisualStudio.Editor.csproj", "{A781982F-EE1E-5F02-A109-DD673A5C6ED4}"
EndProject
Project("{FAE04EC0-301F-11D3-BF4B-00C04F79EFBC}") = "Unity.Timeline.Editor", "Unity.Timeline.Editor.csproj", "{99C58A86-BDD4-1BD5-F9C1-E2C361E71659}"
EndProject
Project("{FAE04EC0-301F-11D3-BF4B-00C04F79EFBC}") = "com.unity.cinemachine.editor", "com.unity.cinemachine.editor.csproj", "{B36FCB14-23C0-3AC2-FCAA-4C430ECC0A48}"
EndProject
Project("{FAE04EC0-301F-11D3-BF4B-00C04F79EFBC}") = "Unity.VisualScripting.State.Editor", "Unity.VisualScripting.State.Editor.csproj", "{604BC95E-ACDE-5B5A-E0A1-0585ED8CDD8B}"
EndProject
Project("{FAE04EC0-301F-11D3-BF4B-00C04F79EFBC}") = "Unity.TextMeshPro.Editor", "Unity.TextMeshPro.Editor.csproj", "{D8B53548-A77B-35AD-9D6B-43B2D03BD8C5}"
EndProject
Project("{FAE04EC0-301F-11D3-BF4B-00C04F79EFBC}") = "Unity.VisualScripting.SettingsProvider.Editor", "Unity.VisualScripting.SettingsProvider.Editor.csproj", "{C0BB0EFF-F42A-114E-48CC-B12E771D8D0D}"
EndProject
Project("{FAE04EC0-301F-11D3-BF4B-00C04F79EFBC}") = "Unity.CollabProxy.Editor", "Unity.CollabProxy.Editor.csproj", "{65339DB9-569F-B387-A014-661ECCD4823D}"
EndProject
Project("{FAE04EC0-301F-11D3-BF4B-00C04F79EFBC}") = "UnityEditor.TestRunner", "UnityEditor.TestRunner.csproj", "{53E6B4A9-7D10-38E2-6C66-C9BA2806DEF4}"
EndProject
Project("{FAE04EC0-301F-11D3-BF4B-00C04F79EFBC}") = "Unity.Services.Core.Editor", "Unity.Services.Core.Editor.csproj", "{4E3FD5DD-1E55-D0BA-3DB4-01F4532846DE}"
EndProject
Project("{FAE04EC0-301F-11D3-BF4B-00C04F79EFBC}") = "Unity.TestTools.CodeCoverage.Editor", "Unity.TestTools.CodeCoverage.Editor.csproj", "{4531F211-E474-E513-966B-794CF8C954F1}"
EndProject
Project("{FAE04EC0-301F-11D3-BF4B-00C04F79EFBC}") = "Unity.Rider.Editor", "Unity.Rider.Editor.csproj", "{71192BB4-2AD6-5722-1F4E-4F0BF03D8B2D}"
EndProject
Project("{FAE04EC0-301F-11D3-BF4B-00C04F79EFBC}") = "Unity.Performance.Profile-Analyzer.Editor", "Unity.Performance.Profile-Analyzer.Editor.csproj", "{070A0F1A-3D4D-417C-35DD-B9D95C0DDCAF}"
EndProject
Project("{FAE04EC0-301F-11D3-BF4B-00C04F79EFBC}") = "Unity.VSCode.Editor", "Unity.VSCode.Editor.csproj", "{572C4A8A-42AC-4AB4-F930-E6DF594720FD}"
EndProject
Project("{FAE04EC0-301F-11D3-BF4B-00C04F79EFBC}") = "UnityEditor.UI", "UnityEditor.UI.csproj", "{F67EDE8D-F59D-FA62-80A3-FB455C1C423D}"
EndProject
Project("{FAE04EC0-301F-11D3-BF4B-00C04F79EFBC}") = "Unity.TestTools.CodeCoverage.Editor.OpenCover.Model", "Unity.TestTools.CodeCoverage.Editor.OpenCover.Model.csproj", "{822BA226-91B4-9E75-6BA2-25B6658AA307}"
EndProject
Project("{FAE04EC0-301F-11D3-BF4B-00C04F79EFBC}") = "Unity.EditorCoroutines.Editor", "Unity.EditorCoroutines.Editor.csproj", "{AD1CD0FB-EE7B-3983-ADE4-FFE08DCF7556}"
EndProject
Project("{FAE04EC0-301F-11D3-BF4B-00C04F79EFBC}") = "Unity.Settings.Editor", "Unity.Settings.Editor.csproj", "{EFE8ACB8-88EA-C4AB-F56B-8853A4052CE3}"
EndProject
Project("{FAE04EC0-301F-11D3-BF4B-00C04F79EFBC}") = "Assembly-CSharp-Editor", "Assembly-CSharp-Editor.csproj", "{197E3FF9-5CB3-6BA6-7463-53565B1D96A9}"
EndProject
Project("{FAE04EC0-301F-11D3-BF4B-00C04F79EFBC}") = "Unity.Services.Core.Configuration.Editor", "Unity.Services.Core.Configuration.Editor.csproj", "{F5719C1F-4B05-E160-7F9A-51EB7E4A01CF}"
EndProject
Project("{FAE04EC0-301F-11D3-BF4B-00C04F79EFBC}") = "Unity.TestTools.CodeCoverage.Editor.OpenCover.Mono.Reflection", "Unity.TestTools.CodeCoverage.Editor.OpenCover.Mono.Reflection.csproj", "{1F5269FD-DBBE-D03E-7FAC-218D38509CDF}"
EndProject
Project("{FAE04EC0-301F-11D3-BF4B-00C04F79EFBC}") = "Unity.VisualScripting.Shared.Editor", "Unity.VisualScripting.Shared.Editor.csproj", "{D100CB99-EEFF-8C74-CBDE-AA95AD0B950F}"
EndProject
Project("{FAE04EC0-301F-11D3-BF4B-00C04F79EFBC}") = "UnityEngine.TestRunner", "UnityEngine.TestRunner.Player.csproj", "{127DBDE8-5F7D-FECF-EB57-E135A64B7C3E}"
EndProject
Project("{FAE04EC0-301F-11D3-BF4B-00C04F79EFBC}") = "UnityEngine.UI", "UnityEngine.UI.Player.csproj", "{91A5BABE-37A5-4B01-A605-C5B5144B2847}"
EndProject
Project("{FAE04EC0-301F-11D3-BF4B-00C04F79EFBC}") = "Unity.VisualScripting.Flow", "Unity.VisualScripting.Flow.Player.csproj", "{192A2BFC-81C9-A3D6-0C3B-6F8094C426B7}"
EndProject
Project("{FAE04EC0-301F-11D3-BF4B-00C04F79EFBC}") = "Unity.Services.Core.Telemetry", "Unity.Services.Core.Telemetry.Player.csproj", "{29EFCA3E-D8DD-67B6-86C5-D39BE4E891E8}"
EndProject
Project("{FAE04EC0-301F-11D3-BF4B-00C04F79EFBC}") = "Unity.InputSystem", "Unity.InputSystem.Player.csproj", "{9F6F94C0-AC78-FFB5-71BF-AA0CBDF9ABB7}"
EndProject
Project("{FAE04EC0-301F-11D3-BF4B-00C04F79EFBC}") = "Unity.VisualScripting.State", "Unity.VisualScripting.State.Player.csproj", "{2BC10F12-31FA-62B1-A224-02ED3F5D23D6}"
EndProject
Project("{FAE04EC0-301F-11D3-BF4B-00C04F79EFBC}") = "Unity.VisualScripting.Core", "Unity.VisualScripting.Core.Player.csproj", "{61274F45-158A-4B8A-AB8E-FEBA7F270ED1}"
EndProject
Project("{FAE04EC0-301F-11D3-BF4B-00C04F79EFBC}") = "Unity.Services.Core.Environments.Internal", "Unity.Services.Core.Environments.Internal.Player.csproj", "{D274F96B-EB5E-8087-E905-11BD98D5FD59}"
EndProject
Project("{FAE04EC0-301F-11D3-BF4B-00C04F79EFBC}") = "Unity.TextMeshPro", "Unity.TextMeshPro.Player.csproj", "{BCBB67AC-CCF2-1FE0-CB64-7ED6FD8CF0A0}"
EndProject
Project("{FAE04EC0-301F-11D3-BF4B-00C04F79EFBC}") = "Cinemachine", "Cinemachine.Player.csproj", "{F1067047-EF38-4567-E915-A2EDE556051F}"
EndProject
Project("{FAE04EC0-301F-11D3-BF4B-00C04F79EFBC}") = "Unity.Timeline", "Unity.Timeline.Player.csproj", "{2B91CB60-4FD9-0E33-F1AC-5EF482F05803}"
EndProject
Project("{FAE04EC0-301F-11D3-BF4B-00C04F79EFBC}") = "Unity.Services.Core", "Unity.Services.Core.Player.csproj", "{720CC4C4-020C-C79C-54BC-0BA4CCEBFEFD}"
EndProject
Project("{FAE04EC0-301F-11D3-BF4B-00C04F79EFBC}") = "Unity.Services.Core.Environments", "Unity.Services.Core.Environments.Player.csproj", "{7B3AAC30-BA50-E0FD-40E5-A993BDCC224C}"
EndProject
Project("{FAE04EC0-301F-11D3-BF4B-00C04F79EFBC}") = "Unity.Services.Core.Internal", "Unity.Services.Core.Internal.Player.csproj", "{54B20190-66FD-EECC-0AE4-48EB6BBE6522}"
EndProject
Project("{FAE04EC0-301F-11D3-BF4B-00C04F79EFBC}") = "Unity.Services.Core.Analytics", "Unity.Services.Core.Analytics.Player.csproj", "{F27949DA-08F5-723B-D185-FAB6D4B2FFF7}"
EndProject
Project("{FAE04EC0-301F-11D3-BF4B-00C04F79EFBC}") = "Assembly-CSharp", "Assembly-CSharp.Player.csproj", "{C16A9998-B89D-2B43-1DC9-A56D4222DC40}"
EndProject
Project("{FAE04EC0-301F-11D3-BF4B-00C04F79EFBC}") = "Unity.Services.Core.Scheduler", "Unity.Services.Core.Scheduler.Player.csproj", "{BA37E01E-C037-3DB2-539A-5AD4C7B3DB4E}"
EndProject
Project("{FAE04EC0-301F-11D3-BF4B-00C04F79EFBC}") = "Unity.Services.Core.Registration", "Unity.Services.Core.Registration.Player.csproj", "{B239B451-3DCC-B824-FA1A-63CE0AB6D75C}"
EndProject
Project("{FAE04EC0-301F-11D3-BF4B-00C04F79EFBC}") = "Unity.Services.Core.Device", "Unity.Services.Core.Device.Player.csproj", "{CFF71C53-2901-2A34-8AB4-1135B17B3F10}"
EndProject
Project("{FAE04EC0-301F-11D3-BF4B-00C04F79EFBC}") = "Unity.Services.Core.Threading", "Unity.Services.Core.Threading.Player.csproj", "{8AC2096C-8D2D-4A46-B4B6-AF84EA90124E}"
EndProject
Project("{FAE04EC0-301F-11D3-BF4B-00C04F79EFBC}") = "Unity.Services.Core.Networking", "Unity.Services.Core.Networking.Player.csproj", "{0298EAB2-A72A-DD86-3B11-F218FAFB68E5}"
EndProject
Project("{FAE04EC0-301F-11D3-BF4B-00C04F79EFBC}") = "Unity.Services.Core.Configuration", "Unity.Services.Core.Configuration.Player.csproj", "{9CEBE801-9D10-5558-7143-8D5B9766B66B}"
EndProject
Global
	GlobalSection(SolutionConfigurationPlatforms) = preSolution
		Debug|Any CPU = Debug|Any CPU
		Release|Any CPU = Release|Any CPU
	EndGlobalSection
	GlobalSection(ProjectConfigurationPlatforms) = postSolution
		{F3573E19-ED1D-46EE-0175-AB6AFB5A2F31}.Debug|Any CPU.ActiveCfg = Debug|Any CPU
		{F3573E19-ED1D-46EE-0175-AB6AFB5A2F31}.Debug|Any CPU.Build.0 = Debug|Any CPU
		{F3573E19-ED1D-46EE-0175-AB6AFB5A2F31}.Release|Any CPU.ActiveCfg = Release|Any CPU
		{F3573E19-ED1D-46EE-0175-AB6AFB5A2F31}.Release|Any CPU.Build.0 = Release|Any CPU
		{8E3C4A5B-1AFD-CB92-1A1C-5BFF341E704A}.Debug|Any CPU.ActiveCfg = Debug|Any CPU
		{8E3C4A5B-1AFD-CB92-1A1C-5BFF341E704A}.Debug|Any CPU.Build.0 = Debug|Any CPU
		{8E3C4A5B-1AFD-CB92-1A1C-5BFF341E704A}.Release|Any CPU.ActiveCfg = Release|Any CPU
		{8E3C4A5B-1AFD-CB92-1A1C-5BFF341E704A}.Release|Any CPU.Build.0 = Release|Any CPU
		{FDA9F847-4A70-8E80-79C6-5DCEFF895231}.Debug|Any CPU.ActiveCfg = Debug|Any CPU
		{FDA9F847-4A70-8E80-79C6-5DCEFF895231}.Debug|Any CPU.Build.0 = Debug|Any CPU
		{FDA9F847-4A70-8E80-79C6-5DCEFF895231}.Release|Any CPU.ActiveCfg = Release|Any CPU
		{FDA9F847-4A70-8E80-79C6-5DCEFF895231}.Release|Any CPU.Build.0 = Release|Any CPU
		{AB93A800-DFBB-FB06-7F78-5BD2177679C7}.Debug|Any CPU.ActiveCfg = Debug|Any CPU
		{AB93A800-DFBB-FB06-7F78-5BD2177679C7}.Debug|Any CPU.Build.0 = Debug|Any CPU
		{AB93A800-DFBB-FB06-7F78-5BD2177679C7}.Release|Any CPU.ActiveCfg = Release|Any CPU
		{AB93A800-DFBB-FB06-7F78-5BD2177679C7}.Release|Any CPU.Build.0 = Release|Any CPU
		{DBBEAFCA-8D54-B1EC-EC13-B006E676AB8A}.Debug|Any CPU.ActiveCfg = Debug|Any CPU
		{DBBEAFCA-8D54-B1EC-EC13-B006E676AB8A}.Debug|Any CPU.Build.0 = Debug|Any CPU
		{DBBEAFCA-8D54-B1EC-EC13-B006E676AB8A}.Release|Any CPU.ActiveCfg = Release|Any CPU
		{DBBEAFCA-8D54-B1EC-EC13-B006E676AB8A}.Release|Any CPU.Build.0 = Release|Any CPU
		{6D7C8724-BAB7-95B6-9F31-433CCBD783F8}.Debug|Any CPU.ActiveCfg = Debug|Any CPU
		{6D7C8724-BAB7-95B6-9F31-433CCBD783F8}.Debug|Any CPU.Build.0 = Debug|Any CPU
		{6D7C8724-BAB7-95B6-9F31-433CCBD783F8}.Release|Any CPU.ActiveCfg = Release|Any CPU
		{6D7C8724-BAB7-95B6-9F31-433CCBD783F8}.Release|Any CPU.Build.0 = Release|Any CPU
		{AC23077B-A74E-DF0F-2295-202698DF21B9}.Debug|Any CPU.ActiveCfg = Debug|Any CPU
		{AC23077B-A74E-DF0F-2295-202698DF21B9}.Debug|Any CPU.Build.0 = Debug|Any CPU
		{AC23077B-A74E-DF0F-2295-202698DF21B9}.Release|Any CPU.ActiveCfg = Release|Any CPU
		{AC23077B-A74E-DF0F-2295-202698DF21B9}.Release|Any CPU.Build.0 = Release|Any CPU
		{6623B7B5-E447-2CB9-B6ED-81ABB7940D3C}.Debug|Any CPU.ActiveCfg = Debug|Any CPU
		{6623B7B5-E447-2CB9-B6ED-81ABB7940D3C}.Debug|Any CPU.Build.0 = Debug|Any CPU
		{6623B7B5-E447-2CB9-B6ED-81ABB7940D3C}.Release|Any CPU.ActiveCfg = Release|Any CPU
		{6623B7B5-E447-2CB9-B6ED-81ABB7940D3C}.Release|Any CPU.Build.0 = Release|Any CPU
		{93D8C082-4D75-CB63-92AF-308BB32BC945}.Debug|Any CPU.ActiveCfg = Debug|Any CPU
		{93D8C082-4D75-CB63-92AF-308BB32BC945}.Debug|Any CPU.Build.0 = Debug|Any CPU
		{93D8C082-4D75-CB63-92AF-308BB32BC945}.Release|Any CPU.ActiveCfg = Release|Any CPU
		{93D8C082-4D75-CB63-92AF-308BB32BC945}.Release|Any CPU.Build.0 = Release|Any CPU
		{9818941C-2045-1153-F47B-FD446C0CB221}.Debug|Any CPU.ActiveCfg = Debug|Any CPU
		{9818941C-2045-1153-F47B-FD446C0CB221}.Debug|Any CPU.Build.0 = Debug|Any CPU
		{9818941C-2045-1153-F47B-FD446C0CB221}.Release|Any CPU.ActiveCfg = Release|Any CPU
		{9818941C-2045-1153-F47B-FD446C0CB221}.Release|Any CPU.Build.0 = Release|Any CPU
		{C339C487-96DE-9EE1-DE82-0B7D6B6D5DE6}.Debug|Any CPU.ActiveCfg = Debug|Any CPU
		{C339C487-96DE-9EE1-DE82-0B7D6B6D5DE6}.Debug|Any CPU.Build.0 = Debug|Any CPU
		{C339C487-96DE-9EE1-DE82-0B7D6B6D5DE6}.Release|Any CPU.ActiveCfg = Release|Any CPU
		{C339C487-96DE-9EE1-DE82-0B7D6B6D5DE6}.Release|Any CPU.Build.0 = Release|Any CPU
		{0E06C3D7-815E-AE6C-E181-D8CBA7120B97}.Debug|Any CPU.ActiveCfg = Debug|Any CPU
		{0E06C3D7-815E-AE6C-E181-D8CBA7120B97}.Debug|Any CPU.Build.0 = Debug|Any CPU
		{0E06C3D7-815E-AE6C-E181-D8CBA7120B97}.Release|Any CPU.ActiveCfg = Release|Any CPU
		{0E06C3D7-815E-AE6C-E181-D8CBA7120B97}.Release|Any CPU.Build.0 = Release|Any CPU
		{B3EA37B9-E376-0F19-B6DE-1528FDBAB0B3}.Debug|Any CPU.ActiveCfg = Debug|Any CPU
		{B3EA37B9-E376-0F19-B6DE-1528FDBAB0B3}.Debug|Any CPU.Build.0 = Debug|Any CPU
		{B3EA37B9-E376-0F19-B6DE-1528FDBAB0B3}.Release|Any CPU.ActiveCfg = Release|Any CPU
		{B3EA37B9-E376-0F19-B6DE-1528FDBAB0B3}.Release|Any CPU.Build.0 = Release|Any CPU
		{54794D75-0D4F-E790-BBD2-D0A57B7EC4AA}.Debug|Any CPU.ActiveCfg = Debug|Any CPU
		{54794D75-0D4F-E790-BBD2-D0A57B7EC4AA}.Debug|Any CPU.Build.0 = Debug|Any CPU
		{54794D75-0D4F-E790-BBD2-D0A57B7EC4AA}.Release|Any CPU.ActiveCfg = Release|Any CPU
		{54794D75-0D4F-E790-BBD2-D0A57B7EC4AA}.Release|Any CPU.Build.0 = Release|Any CPU
		{63B6A0EE-7F23-ADEA-C935-D5AE0CADA06D}.Debug|Any CPU.ActiveCfg = Debug|Any CPU
		{63B6A0EE-7F23-ADEA-C935-D5AE0CADA06D}.Debug|Any CPU.Build.0 = Debug|Any CPU
		{63B6A0EE-7F23-ADEA-C935-D5AE0CADA06D}.Release|Any CPU.ActiveCfg = Release|Any CPU
		{63B6A0EE-7F23-ADEA-C935-D5AE0CADA06D}.Release|Any CPU.Build.0 = Release|Any CPU
		{E3323B11-9C64-461C-023D-0288D6DFCF1C}.Debug|Any CPU.ActiveCfg = Debug|Any CPU
		{E3323B11-9C64-461C-023D-0288D6DFCF1C}.Debug|Any CPU.Build.0 = Debug|Any CPU
		{E3323B11-9C64-461C-023D-0288D6DFCF1C}.Release|Any CPU.ActiveCfg = Release|Any CPU
		{E3323B11-9C64-461C-023D-0288D6DFCF1C}.Release|Any CPU.Build.0 = Release|Any CPU
		{CE7BB4D1-F5BF-FF85-BAC9-A6DC4B16479E}.Debug|Any CPU.ActiveCfg = Debug|Any CPU
		{CE7BB4D1-F5BF-FF85-BAC9-A6DC4B16479E}.Debug|Any CPU.Build.0 = Debug|Any CPU
		{CE7BB4D1-F5BF-FF85-BAC9-A6DC4B16479E}.Release|Any CPU.ActiveCfg = Release|Any CPU
		{CE7BB4D1-F5BF-FF85-BAC9-A6DC4B16479E}.Release|Any CPU.Build.0 = Release|Any CPU
		{1CB9F64F-3252-C2CB-8D9D-C81A8FEC45FE}.Debug|Any CPU.ActiveCfg = Debug|Any CPU
		{1CB9F64F-3252-C2CB-8D9D-C81A8FEC45FE}.Debug|Any CPU.Build.0 = Debug|Any CPU
		{1CB9F64F-3252-C2CB-8D9D-C81A8FEC45FE}.Release|Any CPU.ActiveCfg = Release|Any CPU
		{1CB9F64F-3252-C2CB-8D9D-C81A8FEC45FE}.Release|Any CPU.Build.0 = Release|Any CPU
		{D9B4E007-EDCC-71F7-43D9-326A21CC69D1}.Debug|Any CPU.ActiveCfg = Debug|Any CPU
		{D9B4E007-EDCC-71F7-43D9-326A21CC69D1}.Debug|Any CPU.Build.0 = Debug|Any CPU
		{D9B4E007-EDCC-71F7-43D9-326A21CC69D1}.Release|Any CPU.ActiveCfg = Release|Any CPU
		{D9B4E007-EDCC-71F7-43D9-326A21CC69D1}.Release|Any CPU.Build.0 = Release|Any CPU
		{15C63D50-25DC-D03C-BCB2-F6B65ACE835F}.Debug|Any CPU.ActiveCfg = Debug|Any CPU
		{15C63D50-25DC-D03C-BCB2-F6B65ACE835F}.Debug|Any CPU.Build.0 = Debug|Any CPU
		{15C63D50-25DC-D03C-BCB2-F6B65ACE835F}.Release|Any CPU.ActiveCfg = Release|Any CPU
		{15C63D50-25DC-D03C-BCB2-F6B65ACE835F}.Release|Any CPU.Build.0 = Release|Any CPU
		{A1BA95DA-98AC-9AB4-55A6-C9413F03692B}.Debug|Any CPU.ActiveCfg = Debug|Any CPU
		{A1BA95DA-98AC-9AB4-55A6-C9413F03692B}.Debug|Any CPU.Build.0 = Debug|Any CPU
		{A1BA95DA-98AC-9AB4-55A6-C9413F03692B}.Release|Any CPU.ActiveCfg = Release|Any CPU
		{A1BA95DA-98AC-9AB4-55A6-C9413F03692B}.Release|Any CPU.Build.0 = Release|Any CPU
		{0E464C35-2B70-51C1-4732-685F6D208270}.Debug|Any CPU.ActiveCfg = Debug|Any CPU
		{0E464C35-2B70-51C1-4732-685F6D208270}.Debug|Any CPU.Build.0 = Debug|Any CPU
		{0E464C35-2B70-51C1-4732-685F6D208270}.Release|Any CPU.ActiveCfg = Release|Any CPU
		{0E464C35-2B70-51C1-4732-685F6D208270}.Release|Any CPU.Build.0 = Release|Any CPU
		{FF632DB8-309E-4B45-ED8C-6AF69BCB915B}.Debug|Any CPU.ActiveCfg = Debug|Any CPU
		{FF632DB8-309E-4B45-ED8C-6AF69BCB915B}.Debug|Any CPU.Build.0 = Debug|Any CPU
		{FF632DB8-309E-4B45-ED8C-6AF69BCB915B}.Release|Any CPU.ActiveCfg = Release|Any CPU
		{FF632DB8-309E-4B45-ED8C-6AF69BCB915B}.Release|Any CPU.Build.0 = Release|Any CPU
		{7CC025AB-F51F-ACEE-07A7-016E3FAA03AB}.Debug|Any CPU.ActiveCfg = Debug|Any CPU
		{7CC025AB-F51F-ACEE-07A7-016E3FAA03AB}.Debug|Any CPU.Build.0 = Debug|Any CPU
		{7CC025AB-F51F-ACEE-07A7-016E3FAA03AB}.Release|Any CPU.ActiveCfg = Release|Any CPU
		{7CC025AB-F51F-ACEE-07A7-016E3FAA03AB}.Release|Any CPU.Build.0 = Release|Any CPU
		{D10A6FE3-C06C-EFCC-B842-09E1C42F2F89}.Debug|Any CPU.ActiveCfg = Debug|Any CPU
		{D10A6FE3-C06C-EFCC-B842-09E1C42F2F89}.Debug|Any CPU.Build.0 = Debug|Any CPU
		{D10A6FE3-C06C-EFCC-B842-09E1C42F2F89}.Release|Any CPU.ActiveCfg = Release|Any CPU
		{D10A6FE3-C06C-EFCC-B842-09E1C42F2F89}.Release|Any CPU.Build.0 = Release|Any CPU
		{A781982F-EE1E-5F02-A109-DD673A5C6ED4}.Debug|Any CPU.ActiveCfg = Debug|Any CPU
		{A781982F-EE1E-5F02-A109-DD673A5C6ED4}.Debug|Any CPU.Build.0 = Debug|Any CPU
		{A781982F-EE1E-5F02-A109-DD673A5C6ED4}.Release|Any CPU.ActiveCfg = Release|Any CPU
		{A781982F-EE1E-5F02-A109-DD673A5C6ED4}.Release|Any CPU.Build.0 = Release|Any CPU
		{99C58A86-BDD4-1BD5-F9C1-E2C361E71659}.Debug|Any CPU.ActiveCfg = Debug|Any CPU
		{99C58A86-BDD4-1BD5-F9C1-E2C361E71659}.Debug|Any CPU.Build.0 = Debug|Any CPU
		{99C58A86-BDD4-1BD5-F9C1-E2C361E71659}.Release|Any CPU.ActiveCfg = Release|Any CPU
		{99C58A86-BDD4-1BD5-F9C1-E2C361E71659}.Release|Any CPU.Build.0 = Release|Any CPU
		{B36FCB14-23C0-3AC2-FCAA-4C430ECC0A48}.Debug|Any CPU.ActiveCfg = Debug|Any CPU
		{B36FCB14-23C0-3AC2-FCAA-4C430ECC0A48}.Debug|Any CPU.Build.0 = Debug|Any CPU
		{B36FCB14-23C0-3AC2-FCAA-4C430ECC0A48}.Release|Any CPU.ActiveCfg = Release|Any CPU
		{B36FCB14-23C0-3AC2-FCAA-4C430ECC0A48}.Release|Any CPU.Build.0 = Release|Any CPU
		{604BC95E-ACDE-5B5A-E0A1-0585ED8CDD8B}.Debug|Any CPU.ActiveCfg = Debug|Any CPU
		{604BC95E-ACDE-5B5A-E0A1-0585ED8CDD8B}.Debug|Any CPU.Build.0 = Debug|Any CPU
		{604BC95E-ACDE-5B5A-E0A1-0585ED8CDD8B}.Release|Any CPU.ActiveCfg = Release|Any CPU
		{604BC95E-ACDE-5B5A-E0A1-0585ED8CDD8B}.Release|Any CPU.Build.0 = Release|Any CPU
		{D8B53548-A77B-35AD-9D6B-43B2D03BD8C5}.Debug|Any CPU.ActiveCfg = Debug|Any CPU
		{D8B53548-A77B-35AD-9D6B-43B2D03BD8C5}.Debug|Any CPU.Build.0 = Debug|Any CPU
		{D8B53548-A77B-35AD-9D6B-43B2D03BD8C5}.Release|Any CPU.ActiveCfg = Release|Any CPU
		{D8B53548-A77B-35AD-9D6B-43B2D03BD8C5}.Release|Any CPU.Build.0 = Release|Any CPU
		{C0BB0EFF-F42A-114E-48CC-B12E771D8D0D}.Debug|Any CPU.ActiveCfg = Debug|Any CPU
		{C0BB0EFF-F42A-114E-48CC-B12E771D8D0D}.Debug|Any CPU.Build.0 = Debug|Any CPU
		{C0BB0EFF-F42A-114E-48CC-B12E771D8D0D}.Release|Any CPU.ActiveCfg = Release|Any CPU
		{C0BB0EFF-F42A-114E-48CC-B12E771D8D0D}.Release|Any CPU.Build.0 = Release|Any CPU
		{65339DB9-569F-B387-A014-661ECCD4823D}.Debug|Any CPU.ActiveCfg = Debug|Any CPU
		{65339DB9-569F-B387-A014-661ECCD4823D}.Debug|Any CPU.Build.0 = Debug|Any CPU
		{65339DB9-569F-B387-A014-661ECCD4823D}.Release|Any CPU.ActiveCfg = Release|Any CPU
		{65339DB9-569F-B387-A014-661ECCD4823D}.Release|Any CPU.Build.0 = Release|Any CPU
		{53E6B4A9-7D10-38E2-6C66-C9BA2806DEF4}.Debug|Any CPU.ActiveCfg = Debug|Any CPU
		{53E6B4A9-7D10-38E2-6C66-C9BA2806DEF4}.Debug|Any CPU.Build.0 = Debug|Any CPU
		{53E6B4A9-7D10-38E2-6C66-C9BA2806DEF4}.Release|Any CPU.ActiveCfg = Release|Any CPU
		{53E6B4A9-7D10-38E2-6C66-C9BA2806DEF4}.Release|Any CPU.Build.0 = Release|Any CPU
		{4E3FD5DD-1E55-D0BA-3DB4-01F4532846DE}.Debug|Any CPU.ActiveCfg = Debug|Any CPU
		{4E3FD5DD-1E55-D0BA-3DB4-01F4532846DE}.Debug|Any CPU.Build.0 = Debug|Any CPU
		{4E3FD5DD-1E55-D0BA-3DB4-01F4532846DE}.Release|Any CPU.ActiveCfg = Release|Any CPU
		{4E3FD5DD-1E55-D0BA-3DB4-01F4532846DE}.Release|Any CPU.Build.0 = Release|Any CPU
		{4531F211-E474-E513-966B-794CF8C954F1}.Debug|Any CPU.ActiveCfg = Debug|Any CPU
		{4531F211-E474-E513-966B-794CF8C954F1}.Debug|Any CPU.Build.0 = Debug|Any CPU
		{4531F211-E474-E513-966B-794CF8C954F1}.Release|Any CPU.ActiveCfg = Release|Any CPU
		{4531F211-E474-E513-966B-794CF8C954F1}.Release|Any CPU.Build.0 = Release|Any CPU
		{71192BB4-2AD6-5722-1F4E-4F0BF03D8B2D}.Debug|Any CPU.ActiveCfg = Debug|Any CPU
		{71192BB4-2AD6-5722-1F4E-4F0BF03D8B2D}.Debug|Any CPU.Build.0 = Debug|Any CPU
		{71192BB4-2AD6-5722-1F4E-4F0BF03D8B2D}.Release|Any CPU.ActiveCfg = Release|Any CPU
		{71192BB4-2AD6-5722-1F4E-4F0BF03D8B2D}.Release|Any CPU.Build.0 = Release|Any CPU
		{070A0F1A-3D4D-417C-35DD-B9D95C0DDCAF}.Debug|Any CPU.ActiveCfg = Debug|Any CPU
		{070A0F1A-3D4D-417C-35DD-B9D95C0DDCAF}.Debug|Any CPU.Build.0 = Debug|Any CPU
		{070A0F1A-3D4D-417C-35DD-B9D95C0DDCAF}.Release|Any CPU.ActiveCfg = Release|Any CPU
		{070A0F1A-3D4D-417C-35DD-B9D95C0DDCAF}.Release|Any CPU.Build.0 = Release|Any CPU
		{572C4A8A-42AC-4AB4-F930-E6DF594720FD}.Debug|Any CPU.ActiveCfg = Debug|Any CPU
		{572C4A8A-42AC-4AB4-F930-E6DF594720FD}.Debug|Any CPU.Build.0 = Debug|Any CPU
		{572C4A8A-42AC-4AB4-F930-E6DF594720FD}.Release|Any CPU.ActiveCfg = Release|Any CPU
		{572C4A8A-42AC-4AB4-F930-E6DF594720FD}.Release|Any CPU.Build.0 = Release|Any CPU
		{F67EDE8D-F59D-FA62-80A3-FB455C1C423D}.Debug|Any CPU.ActiveCfg = Debug|Any CPU
		{F67EDE8D-F59D-FA62-80A3-FB455C1C423D}.Debug|Any CPU.Build.0 = Debug|Any CPU
		{F67EDE8D-F59D-FA62-80A3-FB455C1C423D}.Release|Any CPU.ActiveCfg = Release|Any CPU
		{F67EDE8D-F59D-FA62-80A3-FB455C1C423D}.Release|Any CPU.Build.0 = Release|Any CPU
		{822BA226-91B4-9E75-6BA2-25B6658AA307}.Debug|Any CPU.ActiveCfg = Debug|Any CPU
		{822BA226-91B4-9E75-6BA2-25B6658AA307}.Debug|Any CPU.Build.0 = Debug|Any CPU
		{822BA226-91B4-9E75-6BA2-25B6658AA307}.Release|Any CPU.ActiveCfg = Release|Any CPU
		{822BA226-91B4-9E75-6BA2-25B6658AA307}.Release|Any CPU.Build.0 = Release|Any CPU
		{AD1CD0FB-EE7B-3983-ADE4-FFE08DCF7556}.Debug|Any CPU.ActiveCfg = Debug|Any CPU
		{AD1CD0FB-EE7B-3983-ADE4-FFE08DCF7556}.Debug|Any CPU.Build.0 = Debug|Any CPU
		{AD1CD0FB-EE7B-3983-ADE4-FFE08DCF7556}.Release|Any CPU.ActiveCfg = Release|Any CPU
		{AD1CD0FB-EE7B-3983-ADE4-FFE08DCF7556}.Release|Any CPU.Build.0 = Release|Any CPU
		{EFE8ACB8-88EA-C4AB-F56B-8853A4052CE3}.Debug|Any CPU.ActiveCfg = Debug|Any CPU
		{EFE8ACB8-88EA-C4AB-F56B-8853A4052CE3}.Debug|Any CPU.Build.0 = Debug|Any CPU
		{EFE8ACB8-88EA-C4AB-F56B-8853A4052CE3}.Release|Any CPU.ActiveCfg = Release|Any CPU
		{EFE8ACB8-88EA-C4AB-F56B-8853A4052CE3}.Release|Any CPU.Build.0 = Release|Any CPU
		{197E3FF9-5CB3-6BA6-7463-53565B1D96A9}.Debug|Any CPU.ActiveCfg = Debug|Any CPU
		{197E3FF9-5CB3-6BA6-7463-53565B1D96A9}.Debug|Any CPU.Build.0 = Debug|Any CPU
		{197E3FF9-5CB3-6BA6-7463-53565B1D96A9}.Release|Any CPU.ActiveCfg = Release|Any CPU
		{197E3FF9-5CB3-6BA6-7463-53565B1D96A9}.Release|Any CPU.Build.0 = Release|Any CPU
		{F5719C1F-4B05-E160-7F9A-51EB7E4A01CF}.Debug|Any CPU.ActiveCfg = Debug|Any CPU
		{F5719C1F-4B05-E160-7F9A-51EB7E4A01CF}.Debug|Any CPU.Build.0 = Debug|Any CPU
		{F5719C1F-4B05-E160-7F9A-51EB7E4A01CF}.Release|Any CPU.ActiveCfg = Release|Any CPU
		{F5719C1F-4B05-E160-7F9A-51EB7E4A01CF}.Release|Any CPU.Build.0 = Release|Any CPU
		{1F5269FD-DBBE-D03E-7FAC-218D38509CDF}.Debug|Any CPU.ActiveCfg = Debug|Any CPU
		{1F5269FD-DBBE-D03E-7FAC-218D38509CDF}.Debug|Any CPU.Build.0 = Debug|Any CPU
		{1F5269FD-DBBE-D03E-7FAC-218D38509CDF}.Release|Any CPU.ActiveCfg = Release|Any CPU
		{1F5269FD-DBBE-D03E-7FAC-218D38509CDF}.Release|Any CPU.Build.0 = Release|Any CPU
		{D100CB99-EEFF-8C74-CBDE-AA95AD0B950F}.Debug|Any CPU.ActiveCfg = Debug|Any CPU
		{D100CB99-EEFF-8C74-CBDE-AA95AD0B950F}.Debug|Any CPU.Build.0 = Debug|Any CPU
		{D100CB99-EEFF-8C74-CBDE-AA95AD0B950F}.Release|Any CPU.ActiveCfg = Release|Any CPU
		{D100CB99-EEFF-8C74-CBDE-AA95AD0B950F}.Release|Any CPU.Build.0 = Release|Any CPU
		{127DBDE8-5F7D-FECF-EB57-E135A64B7C3E}.Debug|Any CPU.ActiveCfg = Debug|Any CPU
		{127DBDE8-5F7D-FECF-EB57-E135A64B7C3E}.Debug|Any CPU.Build.0 = Debug|Any CPU
		{127DBDE8-5F7D-FECF-EB57-E135A64B7C3E}.Release|Any CPU.ActiveCfg = Release|Any CPU
		{127DBDE8-5F7D-FECF-EB57-E135A64B7C3E}.Release|Any CPU.Build.0 = Release|Any CPU
		{91A5BABE-37A5-4B01-A605-C5B5144B2847}.Debug|Any CPU.ActiveCfg = Debug|Any CPU
		{91A5BABE-37A5-4B01-A605-C5B5144B2847}.Debug|Any CPU.Build.0 = Debug|Any CPU
		{91A5BABE-37A5-4B01-A605-C5B5144B2847}.Release|Any CPU.ActiveCfg = Release|Any CPU
		{91A5BABE-37A5-4B01-A605-C5B5144B2847}.Release|Any CPU.Build.0 = Release|Any CPU
		{192A2BFC-81C9-A3D6-0C3B-6F8094C426B7}.Debug|Any CPU.ActiveCfg = Debug|Any CPU
		{192A2BFC-81C9-A3D6-0C3B-6F8094C426B7}.Debug|Any CPU.Build.0 = Debug|Any CPU
		{192A2BFC-81C9-A3D6-0C3B-6F8094C426B7}.Release|Any CPU.ActiveCfg = Release|Any CPU
		{192A2BFC-81C9-A3D6-0C3B-6F8094C426B7}.Release|Any CPU.Build.0 = Release|Any CPU
		{29EFCA3E-D8DD-67B6-86C5-D39BE4E891E8}.Debug|Any CPU.ActiveCfg = Debug|Any CPU
		{29EFCA3E-D8DD-67B6-86C5-D39BE4E891E8}.Debug|Any CPU.Build.0 = Debug|Any CPU
		{29EFCA3E-D8DD-67B6-86C5-D39BE4E891E8}.Release|Any CPU.ActiveCfg = Release|Any CPU
		{29EFCA3E-D8DD-67B6-86C5-D39BE4E891E8}.Release|Any CPU.Build.0 = Release|Any CPU
		{9F6F94C0-AC78-FFB5-71BF-AA0CBDF9ABB7}.Debug|Any CPU.ActiveCfg = Debug|Any CPU
		{9F6F94C0-AC78-FFB5-71BF-AA0CBDF9ABB7}.Debug|Any CPU.Build.0 = Debug|Any CPU
		{9F6F94C0-AC78-FFB5-71BF-AA0CBDF9ABB7}.Release|Any CPU.ActiveCfg = Release|Any CPU
		{9F6F94C0-AC78-FFB5-71BF-AA0CBDF9ABB7}.Release|Any CPU.Build.0 = Release|Any CPU
		{2BC10F12-31FA-62B1-A224-02ED3F5D23D6}.Debug|Any CPU.ActiveCfg = Debug|Any CPU
		{2BC10F12-31FA-62B1-A224-02ED3F5D23D6}.Debug|Any CPU.Build.0 = Debug|Any CPU
		{2BC10F12-31FA-62B1-A224-02ED3F5D23D6}.Release|Any CPU.ActiveCfg = Release|Any CPU
		{2BC10F12-31FA-62B1-A224-02ED3F5D23D6}.Release|Any CPU.Build.0 = Release|Any CPU
		{61274F45-158A-4B8A-AB8E-FEBA7F270ED1}.Debug|Any CPU.ActiveCfg = Debug|Any CPU
		{61274F45-158A-4B8A-AB8E-FEBA7F270ED1}.Debug|Any CPU.Build.0 = Debug|Any CPU
		{61274F45-158A-4B8A-AB8E-FEBA7F270ED1}.Release|Any CPU.ActiveCfg = Release|Any CPU
		{61274F45-158A-4B8A-AB8E-FEBA7F270ED1}.Release|Any CPU.Build.0 = Release|Any CPU
		{D274F96B-EB5E-8087-E905-11BD98D5FD59}.Debug|Any CPU.ActiveCfg = Debug|Any CPU
		{D274F96B-EB5E-8087-E905-11BD98D5FD59}.Debug|Any CPU.Build.0 = Debug|Any CPU
		{D274F96B-EB5E-8087-E905-11BD98D5FD59}.Release|Any CPU.ActiveCfg = Release|Any CPU
		{D274F96B-EB5E-8087-E905-11BD98D5FD59}.Release|Any CPU.Build.0 = Release|Any CPU
		{BCBB67AC-CCF2-1FE0-CB64-7ED6FD8CF0A0}.Debug|Any CPU.ActiveCfg = Debug|Any CPU
		{BCBB67AC-CCF2-1FE0-CB64-7ED6FD8CF0A0}.Debug|Any CPU.Build.0 = Debug|Any CPU
		{BCBB67AC-CCF2-1FE0-CB64-7ED6FD8CF0A0}.Release|Any CPU.ActiveCfg = Release|Any CPU
		{BCBB67AC-CCF2-1FE0-CB64-7ED6FD8CF0A0}.Release|Any CPU.Build.0 = Release|Any CPU
		{F1067047-EF38-4567-E915-A2EDE556051F}.Debug|Any CPU.ActiveCfg = Debug|Any CPU
		{F1067047-EF38-4567-E915-A2EDE556051F}.Debug|Any CPU.Build.0 = Debug|Any CPU
		{F1067047-EF38-4567-E915-A2EDE556051F}.Release|Any CPU.ActiveCfg = Release|Any CPU
		{F1067047-EF38-4567-E915-A2EDE556051F}.Release|Any CPU.Build.0 = Release|Any CPU
		{2B91CB60-4FD9-0E33-F1AC-5EF482F05803}.Debug|Any CPU.ActiveCfg = Debug|Any CPU
		{2B91CB60-4FD9-0E33-F1AC-5EF482F05803}.Debug|Any CPU.Build.0 = Debug|Any CPU
		{2B91CB60-4FD9-0E33-F1AC-5EF482F05803}.Release|Any CPU.ActiveCfg = Release|Any CPU
		{2B91CB60-4FD9-0E33-F1AC-5EF482F05803}.Release|Any CPU.Build.0 = Release|Any CPU
		{720CC4C4-020C-C79C-54BC-0BA4CCEBFEFD}.Debug|Any CPU.ActiveCfg = Debug|Any CPU
		{720CC4C4-020C-C79C-54BC-0BA4CCEBFEFD}.Debug|Any CPU.Build.0 = Debug|Any CPU
		{720CC4C4-020C-C79C-54BC-0BA4CCEBFEFD}.Release|Any CPU.ActiveCfg = Release|Any CPU
		{720CC4C4-020C-C79C-54BC-0BA4CCEBFEFD}.Release|Any CPU.Build.0 = Release|Any CPU
		{7B3AAC30-BA50-E0FD-40E5-A993BDCC224C}.Debug|Any CPU.ActiveCfg = Debug|Any CPU
		{7B3AAC30-BA50-E0FD-40E5-A993BDCC224C}.Debug|Any CPU.Build.0 = Debug|Any CPU
		{7B3AAC30-BA50-E0FD-40E5-A993BDCC224C}.Release|Any CPU.ActiveCfg = Release|Any CPU
		{7B3AAC30-BA50-E0FD-40E5-A993BDCC224C}.Release|Any CPU.Build.0 = Release|Any CPU
		{54B20190-66FD-EECC-0AE4-48EB6BBE6522}.Debug|Any CPU.ActiveCfg = Debug|Any CPU
		{54B20190-66FD-EECC-0AE4-48EB6BBE6522}.Debug|Any CPU.Build.0 = Debug|Any CPU
		{54B20190-66FD-EECC-0AE4-48EB6BBE6522}.Release|Any CPU.ActiveCfg = Release|Any CPU
		{54B20190-66FD-EECC-0AE4-48EB6BBE6522}.Release|Any CPU.Build.0 = Release|Any CPU
		{F27949DA-08F5-723B-D185-FAB6D4B2FFF7}.Debug|Any CPU.ActiveCfg = Debug|Any CPU
		{F27949DA-08F5-723B-D185-FAB6D4B2FFF7}.Debug|Any CPU.Build.0 = Debug|Any CPU
		{F27949DA-08F5-723B-D185-FAB6D4B2FFF7}.Release|Any CPU.ActiveCfg = Release|Any CPU
		{F27949DA-08F5-723B-D185-FAB6D4B2FFF7}.Release|Any CPU.Build.0 = Release|Any CPU
		{C16A9998-B89D-2B43-1DC9-A56D4222DC40}.Debug|Any CPU.ActiveCfg = Debug|Any CPU
		{C16A9998-B89D-2B43-1DC9-A56D4222DC40}.Debug|Any CPU.Build.0 = Debug|Any CPU
		{C16A9998-B89D-2B43-1DC9-A56D4222DC40}.Release|Any CPU.ActiveCfg = Release|Any CPU
		{C16A9998-B89D-2B43-1DC9-A56D4222DC40}.Release|Any CPU.Build.0 = Release|Any CPU
		{BA37E01E-C037-3DB2-539A-5AD4C7B3DB4E}.Debug|Any CPU.ActiveCfg = Debug|Any CPU
		{BA37E01E-C037-3DB2-539A-5AD4C7B3DB4E}.Debug|Any CPU.Build.0 = Debug|Any CPU
		{BA37E01E-C037-3DB2-539A-5AD4C7B3DB4E}.Release|Any CPU.ActiveCfg = Release|Any CPU
		{BA37E01E-C037-3DB2-539A-5AD4C7B3DB4E}.Release|Any CPU.Build.0 = Release|Any CPU
		{B239B451-3DCC-B824-FA1A-63CE0AB6D75C}.Debug|Any CPU.ActiveCfg = Debug|Any CPU
		{B239B451-3DCC-B824-FA1A-63CE0AB6D75C}.Debug|Any CPU.Build.0 = Debug|Any CPU
		{B239B451-3DCC-B824-FA1A-63CE0AB6D75C}.Release|Any CPU.ActiveCfg = Release|Any CPU
		{B239B451-3DCC-B824-FA1A-63CE0AB6D75C}.Release|Any CPU.Build.0 = Release|Any CPU
		{CFF71C53-2901-2A34-8AB4-1135B17B3F10}.Debug|Any CPU.ActiveCfg = Debug|Any CPU
		{CFF71C53-2901-2A34-8AB4-1135B17B3F10}.Debug|Any CPU.Build.0 = Debug|Any CPU
		{CFF71C53-2901-2A34-8AB4-1135B17B3F10}.Release|Any CPU.ActiveCfg = Release|Any CPU
		{CFF71C53-2901-2A34-8AB4-1135B17B3F10}.Release|Any CPU.Build.0 = Release|Any CPU
		{8AC2096C-8D2D-4A46-B4B6-AF84EA90124E}.Debug|Any CPU.ActiveCfg = Debug|Any CPU
		{8AC2096C-8D2D-4A46-B4B6-AF84EA90124E}.Debug|Any CPU.Build.0 = Debug|Any CPU
		{8AC2096C-8D2D-4A46-B4B6-AF84EA90124E}.Release|Any CPU.ActiveCfg = Release|Any CPU
		{8AC2096C-8D2D-4A46-B4B6-AF84EA90124E}.Release|Any CPU.Build.0 = Release|Any CPU
		{0298EAB2-A72A-DD86-3B11-F218FAFB68E5}.Debug|Any CPU.ActiveCfg = Debug|Any CPU
		{0298EAB2-A72A-DD86-3B11-F218FAFB68E5}.Debug|Any CPU.Build.0 = Debug|Any CPU
		{0298EAB2-A72A-DD86-3B11-F218FAFB68E5}.Release|Any CPU.ActiveCfg = Release|Any CPU
		{0298EAB2-A72A-DD86-3B11-F218FAFB68E5}.Release|Any CPU.Build.0 = Release|Any CPU
		{9CEBE801-9D10-5558-7143-8D5B9766B66B}.Debug|Any CPU.ActiveCfg = Debug|Any CPU
		{9CEBE801-9D10-5558-7143-8D5B9766B66B}.Debug|Any CPU.Build.0 = Debug|Any CPU
		{9CEBE801-9D10-5558-7143-8D5B9766B66B}.Release|Any CPU.ActiveCfg = Release|Any CPU
		{9CEBE801-9D10-5558-7143-8D5B9766B66B}.Release|Any CPU.Build.0 = Release|Any CPU
	EndGlobalSection
	GlobalSection(SolutionProperties) = preSolution
		HideSolutionNode = FALSE
	EndGlobalSection
EndGlobal
